
Microsoft Visual Studio Solution File, Format Version 12.00
# Visual Studio 15
Project("{FAE04EC0-301F-11D3-BF4B-00C04F79EFBC}") = "Algorithms", "Algorithms\Algorithms.csproj", "{C2663E7F-7E43-4ABA-BE3D-D91B56E63A2A}"
EndProject
Global
	GlobalSection(SolutionConfigurationPlatforms) = preSolution
		Debug|Any CPU = Debug|Any CPU
		Release|Any CPU = Release|Any CPU
	EndGlobalSection
	GlobalSection(ProjectConfigurationPlatforms) = postSolution
		{C2663E7F-7E43-4ABA-BE3D-D91B56E63A2A}.Debug|Any CPU.ActiveCfg = Debug|Any CPU
		{C2663E7F-7E43-4ABA-BE3D-D91B56E63A2A}.Debug|Any CPU.Build.0 = Debug|Any CPU
		{C2663E7F-7E43-4ABA-BE3D-D91B56E63A2A}.Release|Any CPU.ActiveCfg = Release|Any CPU
		{C2663E7F-7E43-4ABA-BE3D-D91B56E63A2A}.Release|Any CPU.Build.0 = Release|Any CPU
	EndGlobalSection
EndGlobal
